// !$*UTF8*$!
{
	archiveVersion = 1;
	classes = {
	};
	objectVersion = 56;
	objects = {

/* Begin PBXBuildFile section */
		AF6259F12A9A4E5000561A75 /* InfoView.swift in Sources */ = {isa = PBXBuildFile; fileRef = AF6259F02A9A4E5000561A75 /* InfoView.swift */; };
		AFFFC5722A98E74400F714A7 /* iNameApp.swift in Sources */ = {isa = PBXBuildFile; fileRef = AFFFC5712A98E74400F714A7 /* iNameApp.swift */; };
		AFFFC5742A98E74400F714A7 /* ContentView.swift in Sources */ = {isa = PBXBuildFile; fileRef = AFFFC5732A98E74400F714A7 /* ContentView.swift */; };
		AFFFC5762A98E74500F714A7 /* Assets.xcassets in Resources */ = {isa = PBXBuildFile; fileRef = AFFFC5752A98E74500F714A7 /* Assets.xcassets */; };
		AFFFC5792A98E74500F714A7 /* Preview Assets.xcassets in Resources */ = {isa = PBXBuildFile; fileRef = AFFFC5782A98E74500F714A7 /* Preview Assets.xcassets */; };
		AFFFC5802A98E8A100F714A7 /* FileManagerExtension.swift in Sources */ = {isa = PBXBuildFile; fileRef = AFFFC57F2A98E8A100F714A7 /* FileManagerExtension.swift */; };
		AFFFC5842A98E9F100F714A7 /* Item.swift in Sources */ = {isa = PBXBuildFile; fileRef = AFFFC5832A98E9F100F714A7 /* Item.swift */; };
		AFFFC5862A98FCD800F714A7 /* AddView.swift in Sources */ = {isa = PBXBuildFile; fileRef = AFFFC5852A98FCD800F714A7 /* AddView.swift */; };
		AFFFC58C2A98FF0F00F714A7 /* ImagePicker.swift in Sources */ = {isa = PBXBuildFile; fileRef = AFFFC58B2A98FF0F00F714A7 /* ImagePicker.swift */; };
		AFFFC58E2A99386D00F714A7 /* ViewModel.swift in Sources */ = {isa = PBXBuildFile; fileRef = AFFFC58D2A99386D00F714A7 /* ViewModel.swift */; };
/* End PBXBuildFile section */

/* Begin PBXFileReference section */
		AF6259F02A9A4E5000561A75 /* InfoView.swift */ = {isa = PBXFileReference; lastKnownFileType = sourcecode.swift; path = InfoView.swift; sourceTree = "<group>"; };
		AFFFC56E2A98E74400F714A7 /* iName.app */ = {isa = PBXFileReference; explicitFileType = wrapper.application; includeInIndex = 0; path = iName.app; sourceTree = BUILT_PRODUCTS_DIR; };
		AFFFC5712A98E74400F714A7 /* iNameApp.swift */ = {isa = PBXFileReference; lastKnownFileType = sourcecode.swift; path = iNameApp.swift; sourceTree = "<group>"; };
		AFFFC5732A98E74400F714A7 /* ContentView.swift */ = {isa = PBXFileReference; lastKnownFileType = sourcecode.swift; path = ContentView.swift; sourceTree = "<group>"; };
		AFFFC5752A98E74500F714A7 /* Assets.xcassets */ = {isa = PBXFileReference; lastKnownFileType = folder.assetcatalog; path = Assets.xcassets; sourceTree = "<group>"; };
		AFFFC5782A98E74500F714A7 /* Preview Assets.xcassets */ = {isa = PBXFileReference; lastKnownFileType = folder.assetcatalog; path = "Preview Assets.xcassets"; sourceTree = "<group>"; };
		AFFFC57F2A98E8A100F714A7 /* FileManagerExtension.swift */ = {isa = PBXFileReference; lastKnownFileType = sourcecode.swift; path = FileManagerExtension.swift; sourceTree = "<group>"; };
		AFFFC5832A98E9F100F714A7 /* Item.swift */ = {isa = PBXFileReference; lastKnownFileType = sourcecode.swift; path = Item.swift; sourceTree = "<group>"; };
		AFFFC5852A98FCD800F714A7 /* AddView.swift */ = {isa = PBXFileReference; lastKnownFileType = sourcecode.swift; path = AddView.swift; sourceTree = "<group>"; };
		AFFFC58B2A98FF0F00F714A7 /* ImagePicker.swift */ = {isa = PBXFileReference; lastKnownFileType = sourcecode.swift; path = ImagePicker.swift; sourceTree = "<group>"; };
		AFFFC58D2A99386D00F714A7 /* ViewModel.swift */ = {isa = PBXFileReference; lastKnownFileType = sourcecode.swift; path = ViewModel.swift; sourceTree = "<group>"; };
/* End PBXFileReference section */

/* Begin PBXFrameworksBuildPhase section */
		AFFFC56B2A98E74400F714A7 /* Frameworks */ = {
			isa = PBXFrameworksBuildPhase;
			buildActionMask = 2147483647;
			files = (
			);
			runOnlyForDeploymentPostprocessing = 0;
		};
/* End PBXFrameworksBuildPhase section */

/* Begin PBXGroup section */
		AFFFC5652A98E74400F714A7 = {
			isa = PBXGroup;
			children = (
				AFFFC5702A98E74400F714A7 /* iName */,
				AFFFC56F2A98E74400F714A7 /* Products */,
			);
			sourceTree = "<group>";
		};
		AFFFC56F2A98E74400F714A7 /* Products */ = {
			isa = PBXGroup;
			children = (
				AFFFC56E2A98E74400F714A7 /* iName.app */,
			);
			name = Products;
			sourceTree = "<group>";
		};
		AFFFC5702A98E74400F714A7 /* iName */ = {
			isa = PBXGroup;
			children = (
				AFFFC5712A98E74400F714A7 /* iNameApp.swift */,
				AFFFC5732A98E74400F714A7 /* ContentView.swift */,
				AF6259F02A9A4E5000561A75 /* InfoView.swift */,
				AFFFC5852A98FCD800F714A7 /* AddView.swift */,
				AFFFC58D2A99386D00F714A7 /* ViewModel.swift */,
				AFFFC58B2A98FF0F00F714A7 /* ImagePicker.swift */,
				AFFFC5832A98E9F100F714A7 /* Item.swift */,
				AFFFC57F2A98E8A100F714A7 /* FileManagerExtension.swift */,
				AFFFC5752A98E74500F714A7 /* Assets.xcassets */,
				AFFFC5772A98E74500F714A7 /* Preview Content */,
			);
			path = iName;
			sourceTree = "<group>";
		};
		AFFFC5772A98E74500F714A7 /* Preview Content */ = {
			isa = PBXGroup;
			children = (
				AFFFC5782A98E74500F714A7 /* Preview Assets.xcassets */,
			);
			path = "Preview Content";
			sourceTree = "<group>";
		};
/* End PBXGroup section */

/* Begin PBXNativeTarget section */
		AFFFC56D2A98E74400F714A7 /* iName */ = {
			isa = PBXNativeTarget;
			buildConfigurationList = AFFFC57C2A98E74500F714A7 /* Build configuration list for PBXNativeTarget "iName" */;
			buildPhases = (
				AFFFC56A2A98E74400F714A7 /* Sources */,
				AFFFC56B2A98E74400F714A7 /* Frameworks */,
				AFFFC56C2A98E74400F714A7 /* Resources */,
			);
			buildRules = (
			);
			dependencies = (
			);
			name = iName;
			productName = iName;
			productReference = AFFFC56E2A98E74400F714A7 /* iName.app */;
			productType = "com.apple.product-type.application";
		};
/* End PBXNativeTarget section */

/* Begin PBXProject section */
		AFFFC5662A98E74400F714A7 /* Project object */ = {
			isa = PBXProject;
			attributes = {
				BuildIndependentTargetsInParallel = 1;
				LastSwiftUpdateCheck = 1420;
				LastUpgradeCheck = 1420;
				TargetAttributes = {
					AFFFC56D2A98E74400F714A7 = {
						CreatedOnToolsVersion = 14.2;
					};
				};
			};
			buildConfigurationList = AFFFC5692A98E74400F714A7 /* Build configuration list for PBXProject "iName" */;
			compatibilityVersion = "Xcode 14.0";
			developmentRegion = en;
			hasScannedForEncodings = 0;
			knownRegions = (
				en,
				Base,
			);
			mainGroup = AFFFC5652A98E74400F714A7;
			productRefGroup = AFFFC56F2A98E74400F714A7 /* Products */;
			projectDirPath = "";
			projectRoot = "";
			targets = (
				AFFFC56D2A98E74400F714A7 /* iName */,
			);
		};
/* End PBXProject section */

/* Begin PBXResourcesBuildPhase section */
		AFFFC56C2A98E74400F714A7 /* Resources */ = {
			isa = PBXResourcesBuildPhase;
			buildActionMask = 2147483647;
			files = (
				AFFFC5792A98E74500F714A7 /* Preview Assets.xcassets in Resources */,
				AFFFC5762A98E74500F714A7 /* Assets.xcassets in Resources */,
			);
			runOnlyForDeploymentPostprocessing = 0;
		};
/* End PBXResourcesBuildPhase section */

/* Begin PBXSourcesBuildPhase section */
		AFFFC56A2A98E74400F714A7 /* Sources */ = {
			isa = PBXSourcesBuildPhase;
			buildActionMask = 2147483647;
			files = (
				AF6259F12A9A4E5000561A75 /* InfoView.swift in Sources */,
				AFFFC5842A98E9F100F714A7 /* Item.swift in Sources */,
				AFFFC58E2A99386D00F714A7 /* ViewModel.swift in Sources */,
				AFFFC5742A98E74400F714A7 /* ContentView.swift in Sources */,
				AFFFC5862A98FCD800F714A7 /* AddView.swift in Sources */,
				AFFFC58C2A98FF0F00F714A7 /* ImagePicker.swift in Sources */,
				AFFFC5802A98E8A100F714A7 /* FileManagerExtension.swift in Sources */,
				AFFFC5722A98E74400F714A7 /* iNameApp.swift in Sources */,
			);
			runOnlyForDeploymentPostprocessing = 0;
		};
/* End PBXSourcesBuildPhase section */

/* Begin XCBuildConfiguration section */
		AFFFC57A2A98E74500F714A7 /* Debug */ = {
			isa = XCBuildConfiguration;
			buildSettings = {
				ALWAYS_SEARCH_USER_PATHS = NO;
				CLANG_ANALYZER_NONNULL = YES;
				CLANG_ANALYZER_NUMBER_OBJECT_CONVERSION = YES_AGGRESSIVE;
				CLANG_CXX_LANGUAGE_STANDARD = "gnu++20";
				CLANG_ENABLE_MODULES = YES;
				CLANG_ENABLE_OBJC_ARC = YES;
				CLANG_ENABLE_OBJC_WEAK = YES;
				CLANG_WARN_BLOCK_CAPTURE_AUTORELEASING = YES;
				CLANG_WARN_BOOL_CONVERSION = YES;
				CLANG_WARN_COMMA = YES;
				CLANG_WARN_CONSTANT_CONVERSION = YES;
				CLANG_WARN_DEPRECATED_OBJC_IMPLEMENTATIONS = YES;
				CLANG_WARN_DIRECT_OBJC_ISA_USAGE = YES_ERROR;
				CLANG_WARN_DOCUMENTATION_COMMENTS = YES;
				CLANG_WARN_EMPTY_BODY = YES;
				CLANG_WARN_ENUM_CONVERSION = YES;
				CLANG_WARN_INFINITE_RECURSION = YES;
				CLANG_WARN_INT_CONVERSION = YES;
				CLANG_WARN_NON_LITERAL_NULL_CONVERSION = YES;
				CLANG_WARN_OBJC_IMPLICIT_RETAIN_SELF = YES;
				CLANG_WARN_OBJC_LITERAL_CONVERSION = YES;
				CLANG_WARN_OBJC_ROOT_CLASS = YES_ERROR;
				CLANG_WARN_QUOTED_INCLUDE_IN_FRAMEWORK_HEADER = YES;
				CLANG_WARN_RANGE_LOOP_ANALYSIS = YES;
				CLANG_WARN_STRICT_PROTOTYPES = YES;
				CLANG_WARN_SUSPICIOUS_MOVE = YES;
				CLANG_WARN_UNGUARDED_AVAILABILITY = YES_AGGRESSIVE;
				CLANG_WARN_UNREACHABLE_CODE = YES;
				CLANG_WARN__DUPLICATE_METHOD_MATCH = YES;
				COPY_PHASE_STRIP = NO;
				DEBUG_INFORMATION_FORMAT = dwarf;
				ENABLE_STRICT_OBJC_MSGSEND = YES;
				ENABLE_TESTABILITY = YES;
				GCC_C_LANGUAGE_STANDARD = gnu11;
				GCC_DYNAMIC_NO_PIC = NO;
				GCC_NO_COMMON_BLOCKS = YES;
				GCC_OPTIMIZATION_LEVEL = 0;
				GCC_PREPROCESSOR_DEFINITIONS = (
					"DEBUG=1",
					"$(inherited)",
				);
				GCC_WARN_64_TO_32_BIT_CONVERSION = YES;
				GCC_WARN_ABOUT_RETURN_TYPE = YES_ERROR;
				GCC_WARN_UNDECLARED_SELECTOR = YES;
				GCC_WARN_UNINITIALIZED_AUTOS = YES_AGGRESSIVE;
				GCC_WARN_UNUSED_FUNCTION = YES;
				GCC_WARN_UNUSED_VARIABLE = YES;
				IPHONEOS_DEPLOYMENT_TARGET = 16.2;
				MTL_ENABLE_DEBUG_INFO = INCLUDE_SOURCE;
				MTL_FAST_MATH = YES;
				ONLY_ACTIVE_ARCH = YES;
				SDKROOT = iphoneos;
				SWIFT_ACTIVE_COMPILATION_CONDITIONS = DEBUG;
				SWIFT_OPTIMIZATION_LEVEL = "-Onone";
			};
			name = Debug;
		};
		AFFFC57B2A98E74500F714A7 /* Release */ = {
			isa = XCBuildConfiguration;
			buildSettings = {
				ALWAYS_SEARCH_USER_PATHS = NO;
				CLANG_ANALYZER_NONNULL = YES;
				CLANG_ANALYZER_NUMBER_OBJECT_CONVERSION = YES_AGGRESSIVE;
				CLANG_CXX_LANGUAGE_STANDARD = "gnu++20";
				CLANG_ENABLE_MODULES = YES;
				CLANG_ENABLE_OBJC_ARC = YES;
				CLANG_ENABLE_OBJC_WEAK = YES;
				CLANG_WARN_BLOCK_CAPTURE_AUTORELEASING = YES;
				CLANG_WARN_BOOL_CONVERSION = YES;
				CLANG_WARN_COMMA = YES;
				CLANG_WARN_CONSTANT_CONVERSION = YES;
				CLANG_WARN_DEPRECATED_OBJC_IMPLEMENTATIONS = YES;
				CLANG_WARN_DIRECT_OBJC_ISA_USAGE = YES_ERROR;
				CLANG_WARN_DOCUMENTATION_COMMENTS = YES;
				CLANG_WARN_EMPTY_BODY = YES;
				CLANG_WARN_ENUM_CONVERSION = YES;
				CLANG_WARN_INFINITE_RECURSION = YES;
				CLANG_WARN_INT_CONVERSION = YES;
				CLANG_WARN_NON_LITERAL_NULL_CONVERSION = YES;
				CLANG_WARN_OBJC_IMPLICIT_RETAIN_SELF = YES;
				CLANG_WARN_OBJC_LITERAL_CONVERSION = YES;
				CLANG_WARN_OBJC_ROOT_CLASS = YES_ERROR;
				CLANG_WARN_QUOTED_INCLUDE_IN_FRAMEWORK_HEADER = YES;
				CLANG_WARN_RANGE_LOOP_ANALYSIS = YES;
				CLANG_WARN_STRICT_PROTOTYPES = YES;
				CLANG_WARN_SUSPICIOUS_MOVE = YES;
				CLANG_WARN_UNGUARDED_AVAILABILITY = YES_AGGRESSIVE;
				CLANG_WARN_UNREACHABLE_CODE = YES;
				CLANG_WARN__DUPLICATE_METHOD_MATCH = YES;
				COPY_PHASE_STRIP = NO;
				DEBUG_INFORMATION_FORMAT = "dwarf-with-dsym";
				ENABLE_NS_ASSERTIONS = NO;
				ENABLE_STRICT_OBJC_MSGSEND = YES;
				GCC_C_LANGUAGE_STANDARD = gnu11;
				GCC_NO_COMMON_BLOCKS = YES;
				GCC_WARN_64_TO_32_BIT_CONVERSION = YES;
				GCC_WARN_ABOUT_RETURN_TYPE = YES_ERROR;
				GCC_WARN_UNDECLARED_SELECTOR = YES;
				GCC_WARN_UNINITIALIZED_AUTOS = YES_AGGRESSIVE;
				GCC_WARN_UNUSED_FUNCTION = YES;
				GCC_WARN_UNUSED_VARIABLE = YES;
				IPHONEOS_DEPLOYMENT_TARGET = 16.2;
				MTL_ENABLE_DEBUG_INFO = NO;
				MTL_FAST_MATH = YES;
				SDKROOT = iphoneos;
				SWIFT_COMPILATION_MODE = wholemodule;
				SWIFT_OPTIMIZATION_LEVEL = "-O";
				VALIDATE_PRODUCT = YES;
			};
			name = Release;
		};
		AFFFC57D2A98E74500F714A7 /* Debug */ = {
			isa = XCBuildConfiguration;
			buildSettings = {
				ASSETCATALOG_COMPILER_APPICON_NAME = AppIcon;
				ASSETCATALOG_COMPILER_GLOBAL_ACCENT_COLOR_NAME = AccentColor;
				CODE_SIGN_STYLE = Automatic;
				CURRENT_PROJECT_VERSION = 1;
				DEVELOPMENT_ASSET_PATHS = "\"iName/Preview Content\"";
				ENABLE_PREVIEWS = YES;
				GENERATE_INFOPLIST_FILE = YES;
				INFOPLIST_KEY_NSFaceIDUsageDescription = "You need pass identification to enable deleting items";
				INFOPLIST_KEY_UIApplicationSceneManifest_Generation = YES;
				INFOPLIST_KEY_UIApplicationSupportsIndirectInputEvents = YES;
				INFOPLIST_KEY_UILaunchScreen_Generation = YES;
				INFOPLIST_KEY_UISupportedInterfaceOrientations_iPad = "UIInterfaceOrientationPortrait UIInterfaceOrientationPortraitUpsideDown UIInterfaceOrientationLandscapeLeft UIInterfaceOrientationLandscapeRight";
				INFOPLIST_KEY_UISupportedInterfaceOrientations_iPhone = "UIInterfaceOrientationPortrait UIInterfaceOrientationLandscapeLeft UIInterfaceOrientationLandscapeRight";
				LD_RUNPATH_SEARCH_PATHS = (
					"$(inherited)",
					"@executable_path/Frameworks",
				);
				MARKETING_VERSION = 1.0;
				PRODUCT_BUNDLE_IDENTIFIER = oleksii.iName;
				PRODUCT_NAME = "$(TARGET_NAME)";
				SWIFT_EMIT_LOC_STRINGS = YES;
				SWIFT_VERSION = 5.0;
				TARGETED_DEVICE_FAMILY = "1,2";
			};
			name = Debug;
		};
		AFFFC57E2A98E74500F714A7 /* Release */ = {
			isa = XCBuildConfiguration;
			buildSettings = {
				ASSETCATALOG_COMPILER_APPICON_NAME = AppIcon;
				ASSETCATALOG_COMPILER_GLOBAL_ACCENT_COLOR_NAME = AccentColor;
				CODE_SIGN_STYLE = Automatic;
				CURRENT_PROJECT_VERSION = 1;
				DEVELOPMENT_ASSET_PATHS = "\"iName/Preview Content\"";
				ENABLE_PREVIEWS = YES;
				GENERATE_INFOPLIST_FILE = YES;
				INFOPLIST_KEY_NSFaceIDUsageDescription = "You need pass identification to enable deleting items";
				INFOPLIST_KEY_UIApplicationSceneManifest_Generation = YES;
				INFOPLIST_KEY_UIApplicationSupportsIndirectInputEvents = YES;
				INFOPLIST_KEY_UILaunchScreen_Generation = YES;
				INFOPLIST_KEY_UISupportedInterfaceOrientations_iPad = "UIInterfaceOrientationPortrait UIInterfaceOrientationPortraitUpsideDown UIInterfaceOrientationLandscapeLeft UIInterfaceOrientationLandscapeRight";
				INFOPLIST_KEY_UISupportedInterfaceOrientations_iPhone = "UIInterfaceOrientationPortrait UIInterfaceOrientationLandscapeLeft UIInterfaceOrientationLandscapeRight";
				LD_RUNPATH_SEARCH_PATHS = (
					"$(inherited)",
					"@executable_path/Frameworks",
				);
				MARKETING_VERSION = 1.0;
				PRODUCT_BUNDLE_IDENTIFIER = oleksii.iName;
				PRODUCT_NAME = "$(TARGET_NAME)";
				SWIFT_EMIT_LOC_STRINGS = YES;
				SWIFT_VERSION = 5.0;
				TARGETED_DEVICE_FAMILY = "1,2";
			};
			name = Release;
		};
/* End XCBuildConfiguration section */

/* Begin XCConfigurationList section */
		AFFFC5692A98E74400F714A7 /* Build configuration list for PBXProject "iName" */ = {
			isa = XCConfigurationList;
			buildConfigurations = (
				AFFFC57A2A98E74500F714A7 /* Debug */,
				AFFFC57B2A98E74500F714A7 /* Release */,
			);
			defaultConfigurationIsVisible = 0;
			defaultConfigurationName = Release;
		};
		AFFFC57C2A98E74500F714A7 /* Build configuration list for PBXNativeTarget "iName" */ = {
			isa = XCConfigurationList;
			buildConfigurations = (
				AFFFC57D2A98E74500F714A7 /* Debug */,
				AFFFC57E2A98E74500F714A7 /* Release */,
			);
			defaultConfigurationIsVisible = 0;
			defaultConfigurationName = Release;
		};
/* End XCConfigurationList section */
	};
	rootObject = AFFFC5662A98E74400F714A7 /* Project object */;
}
